
Microsoft Visual Studio Solution File, Format Version 12.00
# Visual Studio 14
VisualStudioVersion = 14.0.24720.0
MinimumVisualStudioVersion = 10.0.40219.1
Project("{FAE04EC0-301F-11D3-BF4B-00C04F79EFBC}") = "Slugity", "Slugity\Slugity.csproj", "{FFEB8DB2-66CB-4DDB-BCC3-E07BFBBA5A94}"
EndProject
Project("{FAE04EC0-301F-11D3-BF4B-00C04F79EFBC}") = "Slugity.Tests", "Slugity.Tests\Slugity.Tests.csproj", "{0B22B924-2BE4-469B-8435-8E2045E0ECD5}"
EndProject
Global
	GlobalSection(SolutionConfigurationPlatforms) = preSolution
		Debug|Any CPU = Debug|Any CPU
		Release|Any CPU = Release|Any CPU
	EndGlobalSection
	GlobalSection(ProjectConfigurationPlatforms) = postSolution
		{FFEB8DB2-66CB-4DDB-BCC3-E07BFBBA5A94}.Debug|Any CPU.ActiveCfg = Debug|Any CPU
		{FFEB8DB2-66CB-4DDB-BCC3-E07BFBBA5A94}.Debug|Any CPU.Build.0 = Debug|Any CPU
		{FFEB8DB2-66CB-4DDB-BCC3-E07BFBBA5A94}.Release|Any CPU.ActiveCfg = Release|Any CPU
		{FFEB8DB2-66CB-4DDB-BCC3-E07BFBBA5A94}.Release|Any CPU.Build.0 = Release|Any CPU
		{0B22B924-2BE4-469B-8435-8E2045E0ECD5}.Debug|Any CPU.ActiveCfg = Debug|Any CPU
		{0B22B924-2BE4-469B-8435-8E2045E0ECD5}.Debug|Any CPU.Build.0 = Debug|Any CPU
		{0B22B924-2BE4-469B-8435-8E2045E0ECD5}.Release|Any CPU.ActiveCfg = Release|Any CPU
		{0B22B924-2BE4-469B-8435-8E2045E0ECD5}.Release|Any CPU.Build.0 = Release|Any CPU
	EndGlobalSection
	GlobalSection(SolutionProperties) = preSolution
		HideSolutionNode = FALSE
	EndGlobalSection
EndGlobal
